// !$*UTF8*$!
{
	archiveVersion = 1;
	classes = {
	};
	objectVersion = 46;
	objects = {

/* Begin PBXBuildFile section */
		FEA8397B1CBE127900D80626 /* libsqlite3.tbd in Frameworks */ = {isa = PBXBuildFile; fileRef = FEA8397A1CBE127900D80626 /* libsqlite3.tbd */; };
		FEC1307F1CBCA73C002807CE /* main.m in Sources */ = {isa = PBXBuildFile; fileRef = FEC1307E1CBCA73C002807CE /* main.m */; };
		FEC130821CBCA73C002807CE /* AppDelegate.m in Sources */ = {isa = PBXBuildFile; fileRef = FEC130811CBCA73C002807CE /* AppDelegate.m */; };
		FEC130851CBCA73C002807CE /* ViewController.m in Sources */ = {isa = PBXBuildFile; fileRef = FEC130841CBCA73C002807CE /* ViewController.m */; };
		FEC130881CBCA73C002807CE /* Main.storyboard in Resources */ = {isa = PBXBuildFile; fileRef = FEC130861CBCA73C002807CE /* Main.storyboard */; };
		FEC1308B1CBCA73C002807CE /* bate.xcdatamodeld in Sources */ = {isa = PBXBuildFile; fileRef = FEC130891CBCA73C002807CE /* bate.xcdatamodeld */; };
		FEC1308D1CBCA73C002807CE /* Assets.xcassets in Resources */ = {isa = PBXBuildFile; fileRef = FEC1308C1CBCA73C002807CE /* Assets.xcassets */; };
		FEC130901CBCA73C002807CE /* LaunchScreen.storyboard in Resources */ = {isa = PBXBuildFile; fileRef = FEC1308E1CBCA73C002807CE /* LaunchScreen.storyboard */; };
		FEC1309B1CBCA73C002807CE /* bateTests.m in Sources */ = {isa = PBXBuildFile; fileRef = FEC1309A1CBCA73C002807CE /* bateTests.m */; };
		FEC130A61CBCA73C002807CE /* bateUITests.m in Sources */ = {isa = PBXBuildFile; fileRef = FEC130A51CBCA73C002807CE /* bateUITests.m */; };
		FEC61D311CBCBD43004025E2 /* Third.storyboard in Resources */ = {isa = PBXBuildFile; fileRef = FEC61D301CBCBD43004025E2 /* Third.storyboard */; };
		FEC61D361CBCCA16004025E2 /* FirstViewController.m in Sources */ = {isa = PBXBuildFile; fileRef = FEC61D351CBCCA16004025E2 /* FirstViewController.m */; };
		FEC61D391CBCCA2A004025E2 /* SecondViewController.m in Sources */ = {isa = PBXBuildFile; fileRef = FEC61D381CBCCA2A004025E2 /* SecondViewController.m */; };
		FEC61D3F1CBCCB5B004025E2 /* LoginViewController.m in Sources */ = {isa = PBXBuildFile; fileRef = FEC61D3E1CBCCB5B004025E2 /* LoginViewController.m */; };
		FEC61D421CBCCB93004025E2 /* RegisteredViewController.m in Sources */ = {isa = PBXBuildFile; fileRef = FEC61D411CBCCB93004025E2 /* RegisteredViewController.m */; };
		FEC61D451CBCCE8A004025E2 /* ThirdTableViewController.m in Sources */ = {isa = PBXBuildFile; fileRef = FEC61D441CBCCE8A004025E2 /* ThirdTableViewController.m */; };
		FEC61D481CBCCEA8004025E2 /* PersonTableViewController.m in Sources */ = {isa = PBXBuildFile; fileRef = FEC61D471CBCCEA8004025E2 /* PersonTableViewController.m */; };
		FEC61D4A1CBCCEDD004025E2 /* Second.storyboard in Resources */ = {isa = PBXBuildFile; fileRef = FEC61D491CBCCEDD004025E2 /* Second.storyboard */; };
		FEC61D4D1CBCD2F4004025E2 /* BateViewController.m in Sources */ = {isa = PBXBuildFile; fileRef = FEC61D4C1CBCD2F4004025E2 /* BateViewController.m */; };
/* End PBXBuildFile section */

/* Begin PBXContainerItemProxy section */
		FEC130971CBCA73C002807CE /* PBXContainerItemProxy */ = {
			isa = PBXContainerItemProxy;
			containerPortal = FEC130721CBCA73C002807CE /* Project object */;
			proxyType = 1;
			remoteGlobalIDString = FEC130791CBCA73C002807CE;
			remoteInfo = bate;
		};
		FEC130A21CBCA73C002807CE /* PBXContainerItemProxy */ = {
			isa = PBXContainerItemProxy;
			containerPortal = FEC130721CBCA73C002807CE /* Project object */;
			proxyType = 1;
			remoteGlobalIDString = FEC130791CBCA73C002807CE;
			remoteInfo = bate;
		};
/* End PBXContainerItemProxy section */

/* Begin PBXFileReference section */
		FEA8397A1CBE127900D80626 /* libsqlite3.tbd */ = {isa = PBXFileReference; lastKnownFileType = "sourcecode.text-based-dylib-definition"; name = libsqlite3.tbd; path = usr/lib/libsqlite3.tbd; sourceTree = SDKROOT; };
		FEC1307A1CBCA73C002807CE /* bate.app */ = {isa = PBXFileReference; explicitFileType = wrapper.application; includeInIndex = 0; path = bate.app; sourceTree = BUILT_PRODUCTS_DIR; };
		FEC1307E1CBCA73C002807CE /* main.m */ = {isa = PBXFileReference; lastKnownFileType = sourcecode.c.objc; path = main.m; sourceTree = "<group>"; };
		FEC130801CBCA73C002807CE /* AppDelegate.h */ = {isa = PBXFileReference; lastKnownFileType = sourcecode.c.h; path = AppDelegate.h; sourceTree = "<group>"; };
		FEC130811CBCA73C002807CE /* AppDelegate.m */ = {isa = PBXFileReference; lastKnownFileType = sourcecode.c.objc; path = AppDelegate.m; sourceTree = "<group>"; };
		FEC130831CBCA73C002807CE /* ViewController.h */ = {isa = PBXFileReference; lastKnownFileType = sourcecode.c.h; path = ViewController.h; sourceTree = "<group>"; };
		FEC130841CBCA73C002807CE /* ViewController.m */ = {isa = PBXFileReference; lastKnownFileType = sourcecode.c.objc; path = ViewController.m; sourceTree = "<group>"; };
		FEC130871CBCA73C002807CE /* Base */ = {isa = PBXFileReference; lastKnownFileType = file.storyboard; name = Base; path = Base.lproj/Main.storyboard; sourceTree = "<group>"; };
		FEC1308A1CBCA73C002807CE /* bate.xcdatamodel */ = {isa = PBXFileReference; lastKnownFileType = wrapper.xcdatamodel; path = bate.xcdatamodel; sourceTree = "<group>"; };
		FEC1308C1CBCA73C002807CE /* Assets.xcassets */ = {isa = PBXFileReference; lastKnownFileType = folder.assetcatalog; path = Assets.xcassets; sourceTree = "<group>"; };
		FEC1308F1CBCA73C002807CE /* Base */ = {isa = PBXFileReference; lastKnownFileType = file.storyboard; name = Base; path = Base.lproj/LaunchScreen.storyboard; sourceTree = "<group>"; };
		FEC130911CBCA73C002807CE /* Info.plist */ = {isa = PBXFileReference; lastKnownFileType = text.plist.xml; path = Info.plist; sourceTree = "<group>"; };
		FEC130961CBCA73C002807CE /* bateTests.xctest */ = {isa = PBXFileReference; explicitFileType = wrapper.cfbundle; includeInIndex = 0; path = bateTests.xctest; sourceTree = BUILT_PRODUCTS_DIR; };
		FEC1309A1CBCA73C002807CE /* bateTests.m */ = {isa = PBXFileReference; lastKnownFileType = sourcecode.c.objc; path = bateTests.m; sourceTree = "<group>"; };
		FEC1309C1CBCA73C002807CE /* Info.plist */ = {isa = PBXFileReference; lastKnownFileType = text.plist.xml; path = Info.plist; sourceTree = "<group>"; };
		FEC130A11CBCA73C002807CE /* bateUITests.xctest */ = {isa = PBXFileReference; explicitFileType = wrapper.cfbundle; includeInIndex = 0; path = bateUITests.xctest; sourceTree = BUILT_PRODUCTS_DIR; };
		FEC130A51CBCA73C002807CE /* bateUITests.m */ = {isa = PBXFileReference; lastKnownFileType = sourcecode.c.objc; path = bateUITests.m; sourceTree = "<group>"; };
		FEC130A71CBCA73C002807CE /* Info.plist */ = {isa = PBXFileReference; lastKnownFileType = text.plist.xml; path = Info.plist; sourceTree = "<group>"; };
		FEC61D301CBCBD43004025E2 /* Third.storyboard */ = {isa = PBXFileReference; fileEncoding = 4; lastKnownFileType = file.storyboard; path = Third.storyboard; sourceTree = "<group>"; };
		FEC61D341CBCCA16004025E2 /* FirstViewController.h */ = {isa = PBXFileReference; fileEncoding = 4; lastKnownFileType = sourcecode.c.h; path = FirstViewController.h; sourceTree = "<group>"; };
		FEC61D351CBCCA16004025E2 /* FirstViewController.m */ = {isa = PBXFileReference; fileEncoding = 4; lastKnownFileType = sourcecode.c.objc; path = FirstViewController.m; sourceTree = "<group>"; };
		FEC61D371CBCCA2A004025E2 /* SecondViewController.h */ = {isa = PBXFileReference; fileEncoding = 4; lastKnownFileType = sourcecode.c.h; path = SecondViewController.h; sourceTree = "<group>"; };
		FEC61D381CBCCA2A004025E2 /* SecondViewController.m */ = {isa = PBXFileReference; fileEncoding = 4; lastKnownFileType = sourcecode.c.objc; path = SecondViewController.m; sourceTree = "<group>"; };
		FEC61D3D1CBCCB5B004025E2 /* LoginViewController.h */ = {isa = PBXFileReference; fileEncoding = 4; lastKnownFileType = sourcecode.c.h; path = LoginViewController.h; sourceTree = "<group>"; };
		FEC61D3E1CBCCB5B004025E2 /* LoginViewController.m */ = {isa = PBXFileReference; fileEncoding = 4; lastKnownFileType = sourcecode.c.objc; path = LoginViewController.m; sourceTree = "<group>"; };
		FEC61D401CBCCB93004025E2 /* RegisteredViewController.h */ = {isa = PBXFileReference; fileEncoding = 4; lastKnownFileType = sourcecode.c.h; path = RegisteredViewController.h; sourceTree = "<group>"; };
		FEC61D411CBCCB93004025E2 /* RegisteredViewController.m */ = {isa = PBXFileReference; fileEncoding = 4; lastKnownFileType = sourcecode.c.objc; path = RegisteredViewController.m; sourceTree = "<group>"; };
		FEC61D431CBCCE8A004025E2 /* ThirdTableViewController.h */ = {isa = PBXFileReference; fileEncoding = 4; lastKnownFileType = sourcecode.c.h; name = ThirdTableViewController.h; path = ../ThirdTableViewController.h; sourceTree = "<group>"; };
		FEC61D441CBCCE8A004025E2 /* ThirdTableViewController.m */ = {isa = PBXFileReference; fileEncoding = 4; lastKnownFileType = sourcecode.c.objc; name = ThirdTableViewController.m; path = ../ThirdTableViewController.m; sourceTree = "<group>"; };
		FEC61D461CBCCEA8004025E2 /* PersonTableViewController.h */ = {isa = PBXFileReference; fileEncoding = 4; lastKnownFileType = sourcecode.c.h; path = PersonTableViewController.h; sourceTree = "<group>"; };
		FEC61D471CBCCEA8004025E2 /* PersonTableViewController.m */ = {isa = PBXFileReference; fileEncoding = 4; lastKnownFileType = sourcecode.c.objc; path = PersonTableViewController.m; sourceTree = "<group>"; };
		FEC61D491CBCCEDD004025E2 /* Second.storyboard */ = {isa = PBXFileReference; fileEncoding = 4; lastKnownFileType = file.storyboard; path = Second.storyboard; sourceTree = "<group>"; };
		FEC61D4B1CBCD2F4004025E2 /* BateViewController.h */ = {isa = PBXFileReference; fileEncoding = 4; lastKnownFileType = sourcecode.c.h; path = BateViewController.h; sourceTree = "<group>"; };
		FEC61D4C1CBCD2F4004025E2 /* BateViewController.m */ = {isa = PBXFileReference; fileEncoding = 4; lastKnownFileType = sourcecode.c.objc; path = BateViewController.m; sourceTree = "<group>"; };
/* End PBXFileReference section */

/* Begin PBXFrameworksBuildPhase section */
		FEC130771CBCA73C002807CE /* Frameworks */ = {
			isa = PBXFrameworksBuildPhase;
			buildActionMask = 2147483647;
			files = (
				FEA8397B1CBE127900D80626 /* libsqlite3.tbd in Frameworks */,
			);
			runOnlyForDeploymentPostprocessing = 0;
		};
		FEC130931CBCA73C002807CE /* Frameworks */ = {
			isa = PBXFrameworksBuildPhase;
			buildActionMask = 2147483647;
			files = (
			);
			runOnlyForDeploymentPostprocessing = 0;
		};
		FEC1309E1CBCA73C002807CE /* Frameworks */ = {
			isa = PBXFrameworksBuildPhase;
			buildActionMask = 2147483647;
			files = (
			);
			runOnlyForDeploymentPostprocessing = 0;
		};
/* End PBXFrameworksBuildPhase section */

/* Begin PBXGroup section */
		FEC130711CBCA73C002807CE = {
			isa = PBXGroup;
			children = (
				FEA8397A1CBE127900D80626 /* libsqlite3.tbd */,
				FEC1307C1CBCA73C002807CE /* bate */,
				FEC130991CBCA73C002807CE /* bateTests */,
				FEC130A41CBCA73C002807CE /* bateUITests */,
				FEC1307B1CBCA73C002807CE /* Products */,
			);
			sourceTree = "<group>";
		};
		FEC1307B1CBCA73C002807CE /* Products */ = {
			isa = PBXGroup;
			children = (
				FEC1307A1CBCA73C002807CE /* bate.app */,
				FEC130961CBCA73C002807CE /* bateTests.xctest */,
				FEC130A11CBCA73C002807CE /* bateUITests.xctest */,
			);
			name = Products;
			sourceTree = "<group>";
		};
		FEC1307C1CBCA73C002807CE /* bate */ = {
			isa = PBXGroup;
			children = (
				FEC61D2F1CBCBBDC004025E2 /* Controller */,
				FEC61D2D1CBCBBC3004025E2 /* View */,
				FEC61D2C1CBCBBB3004025E2 /* Model */,
				FEC1307D1CBCA73C002807CE /* Supporting Files */,
			);
			path = bate;
			sourceTree = "<group>";
		};
		FEC1307D1CBCA73C002807CE /* Supporting Files */ = {
			isa = PBXGroup;
			children = (
				FEC130801CBCA73C002807CE /* AppDelegate.h */,
				FEC130811CBCA73C002807CE /* AppDelegate.m */,
				FEC130911CBCA73C002807CE /* Info.plist */,
				FEC1307E1CBCA73C002807CE /* main.m */,
			);
			name = "Supporting Files";
			sourceTree = "<group>";
		};
		FEC130991CBCA73C002807CE /* bateTests */ = {
			isa = PBXGroup;
			children = (
				FEC1309A1CBCA73C002807CE /* bateTests.m */,
				FEC1309C1CBCA73C002807CE /* Info.plist */,
			);
			path = bateTests;
			sourceTree = "<group>";
		};
		FEC130A41CBCA73C002807CE /* bateUITests */ = {
			isa = PBXGroup;
			children = (
				FEC130A51CBCA73C002807CE /* bateUITests.m */,
				FEC130A71CBCA73C002807CE /* Info.plist */,
			);
			path = bateUITests;
			sourceTree = "<group>";
		};
		FEC61D2C1CBCBBB3004025E2 /* Model */ = {
			isa = PBXGroup;
			children = (
				FEC130891CBCA73C002807CE /* bate.xcdatamodeld */,
			);
			name = Model;
			sourceTree = "<group>";
		};
		FEC61D2D1CBCBBC3004025E2 /* View */ = {
			isa = PBXGroup;
			children = (
				FEC130861CBCA73C002807CE /* Main.storyboard */,
				FEC61D491CBCCEDD004025E2 /* Second.storyboard */,
				FEC61D301CBCBD43004025E2 /* Third.storyboard */,
				FEC1308C1CBCA73C002807CE /* Assets.xcassets */,
				FEC1308E1CBCA73C002807CE /* LaunchScreen.storyboard */,
			);
			name = View;
			sourceTree = "<group>";
		};
		FEC61D2F1CBCBBDC004025E2 /* Controller */ = {
			isa = PBXGroup;
			children = (
				FEC130831CBCA73C002807CE /* ViewController.h */,
				FEC130841CBCA73C002807CE /* ViewController.m */,
				FEC61D4B1CBCD2F4004025E2 /* BateViewController.h */,
				FEC61D4C1CBCD2F4004025E2 /* BateViewController.m */,
				FEC61D341CBCCA16004025E2 /* FirstViewController.h */,
				FEC61D351CBCCA16004025E2 /* FirstViewController.m */,
				FEC61D371CBCCA2A004025E2 /* SecondViewController.h */,
				FEC61D381CBCCA2A004025E2 /* SecondViewController.m */,
				FEC61D431CBCCE8A004025E2 /* ThirdTableViewController.h */,
				FEC61D441CBCCE8A004025E2 /* ThirdTableViewController.m */,
				FEC61D3D1CBCCB5B004025E2 /* LoginViewController.h */,
				FEC61D3E1CBCCB5B004025E2 /* LoginViewController.m */,
				FEC61D401CBCCB93004025E2 /* RegisteredViewController.h */,
				FEC61D411CBCCB93004025E2 /* RegisteredViewController.m */,
				FEC61D461CBCCEA8004025E2 /* PersonTableViewController.h */,
				FEC61D471CBCCEA8004025E2 /* PersonTableViewController.m */,
			);
			name = Controller;
			sourceTree = "<group>";
		};
/* End PBXGroup section */

/* Begin PBXNativeTarget section */
		FEC130791CBCA73C002807CE /* bate */ = {
			isa = PBXNativeTarget;
			buildConfigurationList = FEC130AA1CBCA73C002807CE /* Build configuration list for PBXNativeTarget "bate" */;
			buildPhases = (
				FEC130761CBCA73C002807CE /* Sources */,
				FEC130771CBCA73C002807CE /* Frameworks */,
				FEC130781CBCA73C002807CE /* Resources */,
			);
			buildRules = (
			);
			dependencies = (
			);
			name = bate;
			productName = bate;
			productReference = FEC1307A1CBCA73C002807CE /* bate.app */;
			productType = "com.apple.product-type.application";
		};
		FEC130951CBCA73C002807CE /* bateTests */ = {
			isa = PBXNativeTarget;
			buildConfigurationList = FEC130AD1CBCA73C002807CE /* Build configuration list for PBXNativeTarget "bateTests" */;
			buildPhases = (
				FEC130921CBCA73C002807CE /* Sources */,
				FEC130931CBCA73C002807CE /* Frameworks */,
				FEC130941CBCA73C002807CE /* Resources */,
			);
			buildRules = (
			);
			dependencies = (
				FEC130981CBCA73C002807CE /* PBXTargetDependency */,
			);
			name = bateTests;
			productName = bateTests;
			productReference = FEC130961CBCA73C002807CE /* bateTests.xctest */;
			productType = "com.apple.product-type.bundle.unit-test";
		};
		FEC130A01CBCA73C002807CE /* bateUITests */ = {
			isa = PBXNativeTarget;
			buildConfigurationList = FEC130B01CBCA73C002807CE /* Build configuration list for PBXNativeTarget "bateUITests" */;
			buildPhases = (
				FEC1309D1CBCA73C002807CE /* Sources */,
				FEC1309E1CBCA73C002807CE /* Frameworks */,
				FEC1309F1CBCA73C002807CE /* Resources */,
			);
			buildRules = (
			);
			dependencies = (
				FEC130A31CBCA73C002807CE /* PBXTargetDependency */,
			);
			name = bateUITests;
			productName = bateUITests;
			productReference = FEC130A11CBCA73C002807CE /* bateUITests.xctest */;
			productType = "com.apple.product-type.bundle.ui-testing";
		};
/* End PBXNativeTarget section */

/* Begin PBXProject section */
		FEC130721CBCA73C002807CE /* Project object */ = {
			isa = PBXProject;
			attributes = {
				LastUpgradeCheck = 0730;
				ORGANIZATIONNAME = "袁文轶";
				TargetAttributes = {
					FEC130791CBCA73C002807CE = {
						CreatedOnToolsVersion = 7.3;
					};
					FEC130951CBCA73C002807CE = {
						CreatedOnToolsVersion = 7.3;
						DevelopmentTeam = YGVJ9E953V;
						TestTargetID = FEC130791CBCA73C002807CE;
					};
					FEC130A01CBCA73C002807CE = {
						CreatedOnToolsVersion = 7.3;
						DevelopmentTeam = YGVJ9E953V;
						TestTargetID = FEC130791CBCA73C002807CE;
					};
				};
			};
			buildConfigurationList = FEC130751CBCA73C002807CE /* Build configuration list for PBXProject "bate" */;
			compatibilityVersion = "Xcode 3.2";
			developmentRegion = English;
			hasScannedForEncodings = 0;
			knownRegions = (
				en,
				Base,
			);
			mainGroup = FEC130711CBCA73C002807CE;
			productRefGroup = FEC1307B1CBCA73C002807CE /* Products */;
			projectDirPath = "";
			projectRoot = "";
			targets = (
				FEC130791CBCA73C002807CE /* bate */,
				FEC130951CBCA73C002807CE /* bateTests */,
				FEC130A01CBCA73C002807CE /* bateUITests */,
			);
		};
/* End PBXProject section */

/* Begin PBXResourcesBuildPhase section */
		FEC130781CBCA73C002807CE /* Resources */ = {
			isa = PBXResourcesBuildPhase;
			buildActionMask = 2147483647;
			files = (
				FEC61D311CBCBD43004025E2 /* Third.storyboard in Resources */,
				FEC130901CBCA73C002807CE /* LaunchScreen.storyboard in Resources */,
				FEC1308D1CBCA73C002807CE /* Assets.xcassets in Resources */,
				FEC61D4A1CBCCEDD004025E2 /* Second.storyboard in Resources */,
				FEC130881CBCA73C002807CE /* Main.storyboard in Resources */,
			);
			runOnlyForDeploymentPostprocessing = 0;
		};
		FEC130941CBCA73C002807CE /* Resources */ = {
			isa = PBXResourcesBuildPhase;
			buildActionMask = 2147483647;
			files = (
			);
			runOnlyForDeploymentPostprocessing = 0;
		};
		FEC1309F1CBCA73C002807CE /* Resources */ = {
			isa = PBXResourcesBuildPhase;
			buildActionMask = 2147483647;
			files = (
			);
			runOnlyForDeploymentPostprocessing = 0;
		};
/* End PBXResourcesBuildPhase section */

/* Begin PBXSourcesBuildPhase section */
		FEC130761CBCA73C002807CE /* Sources */ = {
			isa = PBXSourcesBuildPhase;
			buildActionMask = 2147483647;
			files = (
				FEC61D3F1CBCCB5B004025E2 /* LoginViewController.m in Sources */,
				FEC61D391CBCCA2A004025E2 /* SecondViewController.m in Sources */,
				FEC130851CBCA73C002807CE /* ViewController.m in Sources */,
				FEC1308B1CBCA73C002807CE /* bate.xcdatamodeld in Sources */,
				FEC61D481CBCCEA8004025E2 /* PersonTableViewController.m in Sources */,
				FEC61D451CBCCE8A004025E2 /* ThirdTableViewController.m in Sources */,
				FEC61D421CBCCB93004025E2 /* RegisteredViewController.m in Sources */,
				FEC61D361CBCCA16004025E2 /* FirstViewController.m in Sources */,
				FEC130821CBCA73C002807CE /* AppDelegate.m in Sources */,
				FEC1307F1CBCA73C002807CE /* main.m in Sources */,
				FEC61D4D1CBCD2F4004025E2 /* BateViewController.m in Sources */,
			);
			runOnlyForDeploymentPostprocessing = 0;
		};
		FEC130921CBCA73C002807CE /* Sources */ = {
			isa = PBXSourcesBuildPhase;
			buildActionMask = 2147483647;
			files = (
				FEC1309B1CBCA73C002807CE /* bateTests.m in Sources */,
			);
			runOnlyForDeploymentPostprocessing = 0;
		};
		FEC1309D1CBCA73C002807CE /* Sources */ = {
			isa = PBXSourcesBuildPhase;
			buildActionMask = 2147483647;
			files = (
				FEC130A61CBCA73C002807CE /* bateUITests.m in Sources */,
			);
			runOnlyForDeploymentPostprocessing = 0;
		};
/* End PBXSourcesBuildPhase section */

/* Begin PBXTargetDependency section */
		FEC130981CBCA73C002807CE /* PBXTargetDependency */ = {
			isa = PBXTargetDependency;
			target = FEC130791CBCA73C002807CE /* bate */;
			targetProxy = FEC130971CBCA73C002807CE /* PBXContainerItemProxy */;
		};
		FEC130A31CBCA73C002807CE /* PBXTargetDependency */ = {
			isa = PBXTargetDependency;
			target = FEC130791CBCA73C002807CE /* bate */;
			targetProxy = FEC130A21CBCA73C002807CE /* PBXContainerItemProxy */;
		};
/* End PBXTargetDependency section */

/* Begin PBXVariantGroup section */
		FEC130861CBCA73C002807CE /* Main.storyboard */ = {
			isa = PBXVariantGroup;
			children = (
				FEC130871CBCA73C002807CE /* Base */,
			);
			name = Main.storyboard;
			sourceTree = "<group>";
		};
		FEC1308E1CBCA73C002807CE /* LaunchScreen.storyboard */ = {
			isa = PBXVariantGroup;
			children = (
				FEC1308F1CBCA73C002807CE /* Base */,
			);
			name = LaunchScreen.storyboard;
			sourceTree = "<group>";
		};
/* End PBXVariantGroup section */

/* Begin XCBuildConfiguration section */
		FEC130A81CBCA73C002807CE /* Debug */ = {
			isa = XCBuildConfiguration;
			buildSettings = {
				ALWAYS_SEARCH_USER_PATHS = NO;
				CLANG_ANALYZER_NONNULL = YES;
				CLANG_CXX_LANGUAGE_STANDARD = "gnu++0x";
				CLANG_CXX_LIBRARY = "libc++";
				CLANG_ENABLE_MODULES = YES;
				CLANG_ENABLE_OBJC_ARC = YES;
				CLANG_WARN_BOOL_CONVERSION = YES;
				CLANG_WARN_CONSTANT_CONVERSION = YES;
				CLANG_WARN_DIRECT_OBJC_ISA_USAGE = YES_ERROR;
				CLANG_WARN_EMPTY_BODY = YES;
				CLANG_WARN_ENUM_CONVERSION = YES;
				CLANG_WARN_INT_CONVERSION = YES;
				CLANG_WARN_OBJC_ROOT_CLASS = YES_ERROR;
				CLANG_WARN_UNREACHABLE_CODE = YES;
				CLANG_WARN__DUPLICATE_METHOD_MATCH = YES;
				"CODE_SIGN_IDENTITY[sdk=iphoneos*]" = "iPhone Developer";
				COPY_PHASE_STRIP = NO;
				DEBUG_INFORMATION_FORMAT = dwarf;
				ENABLE_STRICT_OBJC_MSGSEND = YES;
				ENABLE_TESTABILITY = YES;
				GCC_C_LANGUAGE_STANDARD = gnu99;
				GCC_DYNAMIC_NO_PIC = NO;
				GCC_NO_COMMON_BLOCKS = YES;
				GCC_OPTIMIZATION_LEVEL = 0;
				GCC_PREPROCESSOR_DEFINITIONS = (
					"DEBUG=1",
					"$(inherited)",
				);
				GCC_WARN_64_TO_32_BIT_CONVERSION = YES;
				GCC_WARN_ABOUT_RETURN_TYPE = YES_ERROR;
				GCC_WARN_UNDECLARED_SELECTOR = YES;
				GCC_WARN_UNINITIALIZED_AUTOS = YES_AGGRESSIVE;
				GCC_WARN_UNUSED_FUNCTION = YES;
				GCC_WARN_UNUSED_VARIABLE = YES;
				IPHONEOS_DEPLOYMENT_TARGET = 9.3;
				MTL_ENABLE_DEBUG_INFO = YES;
				ONLY_ACTIVE_ARCH = YES;
				SDKROOT = iphoneos;
				TARGETED_DEVICE_FAMILY = "1,2";
			};
			name = Debug;
		};
		FEC130A91CBCA73C002807CE /* Release */ = {
			isa = XCBuildConfiguration;
			buildSettings = {
				ALWAYS_SEARCH_USER_PATHS = NO;
				CLANG_ANALYZER_NONNULL = YES;
				CLANG_CXX_LANGUAGE_STANDARD = "gnu++0x";
				CLANG_CXX_LIBRARY = "libc++";
				CLANG_ENABLE_MODULES = YES;
				CLANG_ENABLE_OBJC_ARC = YES;
				CLANG_WARN_BOOL_CONVERSION = YES;
				CLANG_WARN_CONSTANT_CONVERSION = YES;
				CLANG_WARN_DIRECT_OBJC_ISA_USAGE = YES_ERROR;
				CLANG_WARN_EMPTY_BODY = YES;
				CLANG_WARN_ENUM_CONVERSION = YES;
				CLANG_WARN_INT_CONVERSION = YES;
				CLANG_WARN_OBJC_ROOT_CLASS = YES_ERROR;
				CLANG_WARN_UNREACHABLE_CODE = YES;
				CLANG_WARN__DUPLICATE_METHOD_MATCH = YES;
				"CODE_SIGN_IDENTITY[sdk=iphoneos*]" = "iPhone Developer";
				COPY_PHASE_STRIP = NO;
				DEBUG_INFORMATION_FORMAT = "dwarf-with-dsym";
				ENABLE_NS_ASSERTIONS = NO;
				ENABLE_STRICT_OBJC_MSGSEND = YES;
				GCC_C_LANGUAGE_STANDARD = gnu99;
				GCC_NO_COMMON_BLOCKS = YES;
				GCC_WARN_64_TO_32_BIT_CONVERSION = YES;
				GCC_WARN_ABOUT_RETURN_TYPE = YES_ERROR;
				GCC_WARN_UNDECLARED_SELECTOR = YES;
				GCC_WARN_UNINITIALIZED_AUTOS = YES_AGGRESSIVE;
				GCC_WARN_UNUSED_FUNCTION = YES;
				GCC_WARN_UNUSED_VARIABLE = YES;
				IPHONEOS_DEPLOYMENT_TARGET = 9.3;
				MTL_ENABLE_DEBUG_INFO = NO;
				SDKROOT = iphoneos;
				TARGETED_DEVICE_FAMILY = "1,2";
				VALIDATE_PRODUCT = YES;
			};
			name = Release;
		};
		FEC130AB1CBCA73C002807CE /* Debug */ = {
			isa = XCBuildConfiguration;
			buildSettings = {
				ASSETCATALOG_COMPILER_APPICON_NAME = AppIcon;
				CODE_SIGN_IDENTITY = "iPhone Developer";
				INFOPLIST_FILE = bate/Info.plist;
				LD_RUNPATH_SEARCH_PATHS = "$(inherited) @executable_path/Frameworks";
				PRODUCT_BUNDLE_IDENTIFIER = self.edu.bate;
				PRODUCT_NAME = "$(TARGET_NAME)";
			};
			name = Debug;
		};
		FEC130AC1CBCA73C002807CE /* Release */ = {
			isa = XCBuildConfiguration;
			buildSettings = {
				ASSETCATALOG_COMPILER_APPICON_NAME = AppIcon;
				CODE_SIGN_IDENTITY = "iPhone Developer";
				INFOPLIST_FILE = bate/Info.plist;
				LD_RUNPATH_SEARCH_PATHS = "$(inherited) @executable_path/Frameworks";
				PRODUCT_BUNDLE_IDENTIFIER = self.edu.bate;
				PRODUCT_NAME = "$(TARGET_NAME)";
			};
			name = Release;
		};
		FEC130AE1CBCA73C002807CE /* Debug */ = {
			isa = XCBuildConfiguration;
			buildSettings = {
				BUNDLE_LOADER = "$(TEST_HOST)";
				INFOPLIST_FILE = bateTests/Info.plist;
				LD_RUNPATH_SEARCH_PATHS = "$(inherited) @executable_path/Frameworks @loader_path/Frameworks";
				PRODUCT_BUNDLE_IDENTIFIER = self.edu.bateTests;
				PRODUCT_NAME = "$(TARGET_NAME)";
				TEST_HOST = "$(BUILT_PRODUCTS_DIR)/bate.app/bate";
			};
			name = Debug;
		};
		FEC130AF1CBCA73C002807CE /* Release */ = {
			isa = XCBuildConfiguration;
			buildSettings = {
				BUNDLE_LOADER = "$(TEST_HOST)";
				INFOPLIST_FILE = bateTests/Info.plist;
				LD_RUNPATH_SEARCH_PATHS = "$(inherited) @executable_path/Frameworks @loader_path/Frameworks";
				PRODUCT_BUNDLE_IDENTIFIER = self.edu.bateTests;
				PRODUCT_NAME = "$(TARGET_NAME)";
				TEST_HOST = "$(BUILT_PRODUCTS_DIR)/bate.app/bate";
			};
			name = Release;
		};
		FEC130B11CBCA73C002807CE /* Debug */ = {
			isa = XCBuildConfiguration;
			buildSettings = {
				INFOPLIST_FILE = bateUITests/Info.plist;
				LD_RUNPATH_SEARCH_PATHS = "$(inherited) @executable_path/Frameworks @loader_path/Frameworks";
				PRODUCT_BUNDLE_IDENTIFIER = self.edu.bateUITests;
				PRODUCT_NAME = "$(TARGET_NAME)";
				TEST_TARGET_NAME = bate;
			};
			name = Debug;
		};
		FEC130B21CBCA73C002807CE /* Release */ = {
			isa = XCBuildConfiguration;
			buildSettings = {
				INFOPLIST_FILE = bateUITests/Info.plist;
				LD_RUNPATH_SEARCH_PATHS = "$(inherited) @executable_path/Frameworks @loader_path/Frameworks";
				PRODUCT_BUNDLE_IDENTIFIER = self.edu.bateUITests;
				PRODUCT_NAME = "$(TARGET_NAME)";
				TEST_TARGET_NAME = bate;
			};
			name = Release;
		};
/* End XCBuildConfiguration section */

/* Begin XCConfigurationList section */
		FEC130751CBCA73C002807CE /* Build configuration list for PBXProject "bate" */ = {
			isa = XCConfigurationList;
			buildConfigurations = (
				FEC130A81CBCA73C002807CE /* Debug */,
				FEC130A91CBCA73C002807CE /* Release */,
			);
			defaultConfigurationIsVisible = 0;
			defaultConfigurationName = Release;
		};
		FEC130AA1CBCA73C002807CE /* Build configuration list for PBXNativeTarget "bate" */ = {
			isa = XCConfigurationList;
			buildConfigurations = (
				FEC130AB1CBCA73C002807CE /* Debug */,
				FEC130AC1CBCA73C002807CE /* Release */,
			);
			defaultConfigurationIsVisible = 0;
			defaultConfigurationName = Release;
		};
		FEC130AD1CBCA73C002807CE /* Build configuration list for PBXNativeTarget "bateTests" */ = {
			isa = XCConfigurationList;
			buildConfigurations = (
				FEC130AE1CBCA73C002807CE /* Debug */,
				FEC130AF1CBCA73C002807CE /* Release */,
			);
			defaultConfigurationIsVisible = 0;
			defaultConfigurationName = Release;
		};
		FEC130B01CBCA73C002807CE /* Build configuration list for PBXNativeTarget "bateUITests" */ = {
			isa = XCConfigurationList;
			buildConfigurations = (
				FEC130B11CBCA73C002807CE /* Debug */,
				FEC130B21CBCA73C002807CE /* Release */,
			);
			defaultConfigurationIsVisible = 0;
			defaultConfigurationName = Release;
		};
/* End XCConfigurationList section */

/* Begin XCVersionGroup section */
		FEC130891CBCA73C002807CE /* bate.xcdatamodeld */ = {
			isa = XCVersionGroup;
			children = (
				FEC1308A1CBCA73C002807CE /* bate.xcdatamodel */,
			);
			currentVersion = FEC1308A1CBCA73C002807CE /* bate.xcdatamodel */;
			path = bate.xcdatamodeld;
			sourceTree = "<group>";
			versionGroupType = wrapper.xcdatamodel;
		};
/* End XCVersionGroup section */
	};
	rootObject = FEC130721CBCA73C002807CE /* Project object */;
}
